// !$*UTF8*$!
{
	archiveVersion = 1;
	classes = {
	};
	objectVersion = 50;
	objects = {

/* Begin PBXBuildFile section */
		81C172C52404BE0A0016C6FA /* AppDelegate.m in Sources */ = {isa = PBXBuildFile; fileRef = 81C172C42404BE0A0016C6FA /* AppDelegate.m */; };
		81C172C82404BE0A0016C6FA /* SceneDelegate.m in Sources */ = {isa = PBXBuildFile; fileRef = 81C172C72404BE0A0016C6FA /* SceneDelegate.m */; };
		81C172CB2404BE0A0016C6FA /* ViewController.m in Sources */ = {isa = PBXBuildFile; fileRef = 81C172CA2404BE0A0016C6FA /* ViewController.m */; };
		81C172CE2404BE0A0016C6FA /* Main.storyboard in Resources */ = {isa = PBXBuildFile; fileRef = 81C172CC2404BE0A0016C6FA /* Main.storyboard */; };
		81C172D02404BE0C0016C6FA /* Assets.xcassets in Resources */ = {isa = PBXBuildFile; fileRef = 81C172CF2404BE0C0016C6FA /* Assets.xcassets */; };
		81C172D32404BE0C0016C6FA /* LaunchScreen.storyboard in Resources */ = {isa = PBXBuildFile; fileRef = 81C172D12404BE0C0016C6FA /* LaunchScreen.storyboard */; };
		81C172D62404BE0C0016C6FA /* main.m in Sources */ = {isa = PBXBuildFile; fileRef = 81C172D52404BE0C0016C6FA /* main.m */; };
		81C172DE2404BF590016C6FA /* TimerViewController.m in Sources */ = {isa = PBXBuildFile; fileRef = 81C172DD2404BF590016C6FA /* TimerViewController.m */; };
		81C172E12404BFAB0016C6FA /* HHTimerProxy.m in Sources */ = {isa = PBXBuildFile; fileRef = 81C172E02404BFAB0016C6FA /* HHTimerProxy.m */; };
/* End PBXBuildFile section */

/* Begin PBXFileReference section */
		81C172C02404BE0A0016C6FA /* NSTimerDemo.app */ = {isa = PBXFileReference; explicitFileType = wrapper.application; includeInIndex = 0; path = NSTimerDemo.app; sourceTree = BUILT_PRODUCTS_DIR; };
		81C172C32404BE0A0016C6FA /* AppDelegate.h */ = {isa = PBXFileReference; lastKnownFileType = sourcecode.c.h; path = AppDelegate.h; sourceTree = "<group>"; };
		81C172C42404BE0A0016C6FA /* AppDelegate.m */ = {isa = PBXFileReference; lastKnownFileType = sourcecode.c.objc; path = AppDelegate.m; sourceTree = "<group>"; };
		81C172C62404BE0A0016C6FA /* SceneDelegate.h */ = {isa = PBXFileReference; lastKnownFileType = sourcecode.c.h; path = SceneDelegate.h; sourceTree = "<group>"; };
		81C172C72404BE0A0016C6FA /* SceneDelegate.m */ = {isa = PBXFileReference; lastKnownFileType = sourcecode.c.objc; path = SceneDelegate.m; sourceTree = "<group>"; };
		81C172C92404BE0A0016C6FA /* ViewController.h */ = {isa = PBXFileReference; lastKnownFileType = sourcecode.c.h; path = ViewController.h; sourceTree = "<group>"; };
		81C172CA2404BE0A0016C6FA /* ViewController.m */ = {isa = PBXFileReference; lastKnownFileType = sourcecode.c.objc; path = ViewController.m; sourceTree = "<group>"; };
		81C172CD2404BE0A0016C6FA /* Base */ = {isa = PBXFileReference; lastKnownFileType = file.storyboard; name = Base; path = Base.lproj/Main.storyboard; sourceTree = "<group>"; };
		81C172CF2404BE0C0016C6FA /* Assets.xcassets */ = {isa = PBXFileReference; lastKnownFileType = folder.assetcatalog; path = Assets.xcassets; sourceTree = "<group>"; };
		81C172D22404BE0C0016C6FA /* Base */ = {isa = PBXFileReference; lastKnownFileType = file.storyboard; name = Base; path = Base.lproj/LaunchScreen.storyboard; sourceTree = "<group>"; };
		81C172D42404BE0C0016C6FA /* Info.plist */ = {isa = PBXFileReference; lastKnownFileType = text.plist.xml; path = Info.plist; sourceTree = "<group>"; };
		81C172D52404BE0C0016C6FA /* main.m */ = {isa = PBXFileReference; lastKnownFileType = sourcecode.c.objc; path = main.m; sourceTree = "<group>"; };
		81C172DC2404BF590016C6FA /* TimerViewController.h */ = {isa = PBXFileReference; lastKnownFileType = sourcecode.c.h; path = TimerViewController.h; sourceTree = "<group>"; };
		81C172DD2404BF590016C6FA /* TimerViewController.m */ = {isa = PBXFileReference; lastKnownFileType = sourcecode.c.objc; path = TimerViewController.m; sourceTree = "<group>"; };
		81C172DF2404BFAB0016C6FA /* HHTimerProxy.h */ = {isa = PBXFileReference; lastKnownFileType = sourcecode.c.h; path = HHTimerProxy.h; sourceTree = "<group>"; };
		81C172E02404BFAB0016C6FA /* HHTimerProxy.m */ = {isa = PBXFileReference; lastKnownFileType = sourcecode.c.objc; path = HHTimerProxy.m; sourceTree = "<group>"; };
/* End PBXFileReference section */

/* Begin PBXFrameworksBuildPhase section */
		81C172BD2404BE0A0016C6FA /* Frameworks */ = {
			isa = PBXFrameworksBuildPhase;
			buildActionMask = 2147483647;
			files = (
			);
			runOnlyForDeploymentPostprocessing = 0;
		};
/* End PBXFrameworksBuildPhase section */

/* Begin PBXGroup section */
		81C172B72404BE0A0016C6FA = {
			isa = PBXGroup;
			children = (
				81C172C22404BE0A0016C6FA /* NSTimerDemo */,
				81C172C12404BE0A0016C6FA /* Products */,
			);
			sourceTree = "<group>";
		};
		81C172C12404BE0A0016C6FA /* Products */ = {
			isa = PBXGroup;
			children = (
				81C172C02404BE0A0016C6FA /* NSTimerDemo.app */,
			);
			name = Products;
			sourceTree = "<group>";
		};
		81C172C22404BE0A0016C6FA /* NSTimerDemo */ = {
			isa = PBXGroup;
			children = (
				81C172C32404BE0A0016C6FA /* AppDelegate.h */,
				81C172C42404BE0A0016C6FA /* AppDelegate.m */,
				81C172C62404BE0A0016C6FA /* SceneDelegate.h */,
				81C172C72404BE0A0016C6FA /* SceneDelegate.m */,
				81C172C92404BE0A0016C6FA /* ViewController.h */,
				81C172CA2404BE0A0016C6FA /* ViewController.m */,
				81C172DC2404BF590016C6FA /* TimerViewController.h */,
				81C172DD2404BF590016C6FA /* TimerViewController.m */,
				81C172CC2404BE0A0016C6FA /* Main.storyboard */,
				81C172CF2404BE0C0016C6FA /* Assets.xcassets */,
				81C172D12404BE0C0016C6FA /* LaunchScreen.storyboard */,
				81C172D42404BE0C0016C6FA /* Info.plist */,
				81C172D52404BE0C0016C6FA /* main.m */,
				81C172DF2404BFAB0016C6FA /* HHTimerProxy.h */,
				81C172E02404BFAB0016C6FA /* HHTimerProxy.m */,
			);
			path = NSTimerDemo;
			sourceTree = "<group>";
		};
/* End PBXGroup section */

/* Begin PBXNativeTarget section */
		81C172BF2404BE0A0016C6FA /* NSTimerDemo */ = {
			isa = PBXNativeTarget;
			buildConfigurationList = 81C172D92404BE0C0016C6FA /* Build configuration list for PBXNativeTarget "NSTimerDemo" */;
			buildPhases = (
				81C172BC2404BE0A0016C6FA /* Sources */,
				81C172BD2404BE0A0016C6FA /* Frameworks */,
				81C172BE2404BE0A0016C6FA /* Resources */,
			);
			buildRules = (
			);
			dependencies = (
			);
			name = NSTimerDemo;
			productName = NSTimerDemo;
			productReference = 81C172C02404BE0A0016C6FA /* NSTimerDemo.app */;
			productType = "com.apple.product-type.application";
		};
/* End PBXNativeTarget section */

/* Begin PBXProject section */
		81C172B82404BE0A0016C6FA /* Project object */ = {
			isa = PBXProject;
			attributes = {
				LastUpgradeCheck = 1130;
				ORGANIZATIONNAME = ios;
				TargetAttributes = {
					81C172BF2404BE0A0016C6FA = {
						CreatedOnToolsVersion = 11.3.1;
					};
				};
			};
			buildConfigurationList = 81C172BB2404BE0A0016C6FA /* Build configuration list for PBXProject "NSTimerDemo" */;
			compatibilityVersion = "Xcode 9.3";
			developmentRegion = en;
			hasScannedForEncodings = 0;
			knownRegions = (
				en,
				Base,
			);
			mainGroup = 81C172B72404BE0A0016C6FA;
			productRefGroup = 81C172C12404BE0A0016C6FA /* Products */;
			projectDirPath = "";
			projectRoot = "";
			targets = (
				81C172BF2404BE0A0016C6FA /* NSTimerDemo */,
			);
		};
/* End PBXProject section */

/* Begin PBXResourcesBuildPhase section */
		81C172BE2404BE0A0016C6FA /* Resources */ = {
			isa = PBXResourcesBuildPhase;
			buildActionMask = 2147483647;
			files = (
				81C172D32404BE0C0016C6FA /* LaunchScreen.storyboard in Resources */,
				81C172D02404BE0C0016C6FA /* Assets.xcassets in Resources */,
				81C172CE2404BE0A0016C6FA /* Main.storyboard in Resources */,
			);
			runOnlyForDeploymentPostprocessing = 0;
		};
/* End PBXResourcesBuildPhase section */

/* Begin PBXSourcesBuildPhase section */
		81C172BC2404BE0A0016C6FA /* Sources */ = {
			isa = PBXSourcesBuildPhase;
			buildActionMask = 2147483647;
			files = (
				81C172E12404BFAB0016C6FA /* HHTimerProxy.m in Sources */,
				81C172CB2404BE0A0016C6FA /* ViewController.m in Sources */,
				81C172C52404BE0A0016C6FA /* AppDelegate.m in Sources */,
				81C172DE2404BF590016C6FA /* TimerViewController.m in Sources */,
				81C172D62404BE0C0016C6FA /* main.m in Sources */,
				81C172C82404BE0A0016C6FA /* SceneDelegate.m in Sources */,
			);
			runOnlyForDeploymentPostprocessing = 0;
		};
/* End PBXSourcesBuildPhase section */

/* Begin PBXVariantGroup section */
		81C172CC2404BE0A0016C6FA /* Main.storyboard */ = {
			isa = PBXVariantGroup;
			children = (
				81C172CD2404BE0A0016C6FA /* Base */,
			);
			name = Main.storyboard;
			sourceTree = "<group>";
		};
		81C172D12404BE0C0016C6FA /* LaunchScreen.storyboard */ = {
			isa = PBXVariantGroup;
			children = (
				81C172D22404BE0C0016C6FA /* Base */,
			);
			name = LaunchScreen.storyboard;
			sourceTree = "<group>";
		};
/* End PBXVariantGroup section */

/* Begin XCBuildConfiguration section */
		81C172D72404BE0C0016C6FA /* Debug */ = {
			isa = XCBuildConfiguration;
			buildSettings = {
				ALWAYS_SEARCH_USER_PATHS = NO;
				CLANG_ANALYZER_NONNULL = YES;
				CLANG_ANALYZER_NUMBER_OBJECT_CONVERSION = YES_AGGRESSIVE;
				CLANG_CXX_LANGUAGE_STANDARD = "gnu++14";
				CLANG_CXX_LIBRARY = "libc++";
				CLANG_ENABLE_MODULES = YES;
				CLANG_ENABLE_OBJC_ARC = YES;
				CLANG_ENABLE_OBJC_WEAK = YES;
				CLANG_WARN_BLOCK_CAPTURE_AUTORELEASING = YES;
				CLANG_WARN_BOOL_CONVERSION = YES;
				CLANG_WARN_COMMA = YES;
				CLANG_WARN_CONSTANT_CONVERSION = YES;
				CLANG_WARN_DEPRECATED_OBJC_IMPLEMENTATIONS = YES;
				CLANG_WARN_DIRECT_OBJC_ISA_USAGE = YES_ERROR;
				CLANG_WARN_DOCUMENTATION_COMMENTS = YES;
				CLANG_WARN_EMPTY_BODY = YES;
				CLANG_WARN_ENUM_CONVERSION = YES;
				CLANG_WARN_INFINITE_RECURSION = YES;
				CLANG_WARN_INT_CONVERSION = YES;
				CLANG_WARN_NON_LITERAL_NULL_CONVERSION = YES;
				CLANG_WARN_OBJC_IMPLICIT_RETAIN_SELF = YES;
				CLANG_WARN_OBJC_LITERAL_CONVERSION = YES;
				CLANG_WARN_OBJC_ROOT_CLASS = YES_ERROR;
				CLANG_WARN_RANGE_LOOP_ANALYSIS = YES;
				CLANG_WARN_STRICT_PROTOTYPES = YES;
				CLANG_WARN_SUSPICIOUS_MOVE = YES;
				CLANG_WARN_UNGUARDED_AVAILABILITY = YES_AGGRESSIVE;
				CLANG_WARN_UNREACHABLE_CODE = YES;
				CLANG_WARN__DUPLICATE_METHOD_MATCH = YES;
				COPY_PHASE_STRIP = NO;
				DEBUG_INFORMATION_FORMAT = dwarf;
				ENABLE_STRICT_OBJC_MSGSEND = YES;
				ENABLE_TESTABILITY = YES;
				GCC_C_LANGUAGE_STANDARD = gnu11;
				GCC_DYNAMIC_NO_PIC = NO;
				GCC_NO_COMMON_BLOCKS = YES;
				GCC_OPTIMIZATION_LEVEL = 0;
				GCC_PREPROCESSOR_DEFINITIONS = (
					"DEBUG=1",
					"$(inherited)",
				);
				GCC_WARN_64_TO_32_BIT_CONVERSION = YES;
				GCC_WARN_ABOUT_RETURN_TYPE = YES_ERROR;
				GCC_WARN_UNDECLARED_SELECTOR = YES;
				GCC_WARN_UNINITIALIZED_AUTOS = YES_AGGRESSIVE;
				GCC_WARN_UNUSED_FUNCTION = YES;
				GCC_WARN_UNUSED_VARIABLE = YES;
				IPHONEOS_DEPLOYMENT_TARGET = 13.2;
				MTL_ENABLE_DEBUG_INFO = INCLUDE_SOURCE;
				MTL_FAST_MATH = YES;
				ONLY_ACTIVE_ARCH = YES;
				SDKROOT = iphoneos;
			};
			name = Debug;
		};
		81C172D82404BE0C0016C6FA /* Release */ = {
			isa = XCBuildConfiguration;
			buildSettings = {
				ALWAYS_SEARCH_USER_PATHS = NO;
				CLANG_ANALYZER_NONNULL = YES;
				CLANG_ANALYZER_NUMBER_OBJECT_CONVERSION = YES_AGGRESSIVE;
				CLANG_CXX_LANGUAGE_STANDARD = "gnu++14";
				CLANG_CXX_LIBRARY = "libc++";
				CLANG_ENABLE_MODULES = YES;
				CLANG_ENABLE_OBJC_ARC = YES;
				CLANG_ENABLE_OBJC_WEAK = YES;
				CLANG_WARN_BLOCK_CAPTURE_AUTORELEASING = YES;
				CLANG_WARN_BOOL_CONVERSION = YES;
				CLANG_WARN_COMMA = YES;
				CLANG_WARN_CONSTANT_CONVERSION = YES;
				CLANG_WARN_DEPRECATED_OBJC_IMPLEMENTATIONS = YES;
				CLANG_WARN_DIRECT_OBJC_ISA_USAGE = YES_ERROR;
				CLANG_WARN_DOCUMENTATION_COMMENTS = YES;
				CLANG_WARN_EMPTY_BODY = YES;
				CLANG_WARN_ENUM_CONVERSION = YES;
				CLANG_WARN_INFINITE_RECURSION = YES;
				CLANG_WARN_INT_CONVERSION = YES;
				CLANG_WARN_NON_LITERAL_NULL_CONVERSION = YES;
				CLANG_WARN_OBJC_IMPLICIT_RETAIN_SELF = YES;
				CLANG_WARN_OBJC_LITERAL_CONVERSION = YES;
				CLANG_WARN_OBJC_ROOT_CLASS = YES_ERROR;
				CLANG_WARN_RANGE_LOOP_ANALYSIS = YES;
				CLANG_WARN_STRICT_PROTOTYPES = YES;
				CLANG_WARN_SUSPICIOUS_MOVE = YES;
				CLANG_WARN_UNGUARDED_AVAILABILITY = YES_AGGRESSIVE;
				CLANG_WARN_UNREACHABLE_CODE = YES;
				CLANG_WARN__DUPLICATE_METHOD_MATCH = YES;
				COPY_PHASE_STRIP = NO;
				DEBUG_INFORMATION_FORMAT = "dwarf-with-dsym";
				ENABLE_NS_ASSERTIONS = NO;
				ENABLE_STRICT_OBJC_MSGSEND = YES;
				GCC_C_LANGUAGE_STANDARD = gnu11;
				GCC_NO_COMMON_BLOCKS = YES;
				GCC_WARN_64_TO_32_BIT_CONVERSION = YES;
				GCC_WARN_ABOUT_RETURN_TYPE = YES_ERROR;
				GCC_WARN_UNDECLARED_SELECTOR = YES;
				GCC_WARN_UNINITIALIZED_AUTOS = YES_AGGRESSIVE;
				GCC_WARN_UNUSED_FUNCTION = YES;
				GCC_WARN_UNUSED_VARIABLE = YES;
				IPHONEOS_DEPLOYMENT_TARGET = 13.2;
				MTL_ENABLE_DEBUG_INFO = NO;
				MTL_FAST_MATH = YES;
				SDKROOT = iphoneos;
				VALIDATE_PRODUCT = YES;
			};
			name = Release;
		};
		81C172DA2404BE0C0016C6FA /* Debug */ = {
			isa = XCBuildConfiguration;
			buildSettings = {
				ASSETCATALOG_COMPILER_APPICON_NAME = AppIcon;
				CODE_SIGN_STYLE = Automatic;
				INFOPLIST_FILE = NSTimerDemo/Info.plist;
				LD_RUNPATH_SEARCH_PATHS = (
					"$(inherited)",
					"@executable_path/Frameworks",
				);
				PRODUCT_BUNDLE_IDENTIFIER = com.jianhang.company.NSTimerDemo;
				PRODUCT_NAME = "$(TARGET_NAME)";
				TARGETED_DEVICE_FAMILY = "1,2";
			};
			name = Debug;
		};
		81C172DB2404BE0C0016C6FA /* Release */ = {
			isa = XCBuildConfiguration;
			buildSettings = {
				ASSETCATALOG_COMPILER_APPICON_NAME = AppIcon;
				CODE_SIGN_STYLE = Automatic;
				INFOPLIST_FILE = NSTimerDemo/Info.plist;
				LD_RUNPATH_SEARCH_PATHS = (
					"$(inherited)",
					"@executable_path/Frameworks",
				);
				PRODUCT_BUNDLE_IDENTIFIER = com.jianhang.company.NSTimerDemo;
				PRODUCT_NAME = "$(TARGET_NAME)";
				TARGETED_DEVICE_FAMILY = "1,2";
			};
			name = Release;
		};
/* End XCBuildConfiguration section */

/* Begin XCConfigurationList section */
		81C172BB2404BE0A0016C6FA /* Build configuration list for PBXProject "NSTimerDemo" */ = {
			isa = XCConfigurationList;
			buildConfigurations = (
				81C172D72404BE0C0016C6FA /* Debug */,
				81C172D82404BE0C0016C6FA /* Release */,
			);
			defaultConfigurationIsVisible = 0;
			defaultConfigurationName = Release;
		};
		81C172D92404BE0C0016C6FA /* Build configuration list for PBXNativeTarget "NSTimerDemo" */ = {
			isa = XCConfigurationList;
			buildConfigurations = (
				81C172DA2404BE0C0016C6FA /* Debug */,
				81C172DB2404BE0C0016C6FA /* Release */,
			);
			defaultConfigurationIsVisible = 0;
			defaultConfigurationName = Release;
		};
/* End XCConfigurationList section */
	};
	rootObject = 81C172B82404BE0A0016C6FA /* Project object */;
}
